# This file is automatically @generated by Cargo.
# It is not intended for manual editing.
version = 4

[[package]]
name = "euler_001"
version = "0.1.0"
dependencies = [
 "euler_utils",
]

[[package]]
name = "euler_002"
version = "0.1.0"
dependencies = [
 "euler_utils",
]

[[package]]
name = "euler_003"
version = "0.1.0"
dependencies = [
 "euler_utils",
]

[[package]]
name = "euler_004"
version = "0.1.0"
dependencies = [
 "euler_utils",
]

[[package]]
name = "euler_005"
version = "0.1.0"
dependencies = [
 "euler_utils",
]

[[package]]
name = "euler_006"
version = "0.1.0"
dependencies = [
 "euler_utils",
]

[[package]]
name = "euler_007"
version = "0.1.0"
dependencies = [
 "euler_utils",
 "primes",
]

[[package]]
name = "euler_008"
version = "0.1.0"
dependencies = [
 "euler_utils",
]

[[package]]
name = "euler_009"
version = "0.1.0"
dependencies = [
 "euler_utils",
]

[[package]]
name = "euler_010"
version = "0.1.0"
dependencies = [
 "euler_utils",
 "primes",
]

[[package]]
name = "euler_011"
version = "0.1.0"
dependencies = [
 "euler_utils",
]

[[package]]
name = "euler_012"
version = "0.1.0"
dependencies = [
 "euler_utils",
]

[[package]]
name = "euler_013"
version = "0.1.0"
dependencies = [
 "euler_utils",
]

[[package]]
name = "euler_014"
version = "0.1.0"
dependencies = [
 "euler_utils",
]

[[package]]
name = "euler_015"
version = "0.1.0"
dependencies = [
 "euler_utils",
]

[[package]]
name = "euler_016"
version = "0.1.0"
dependencies = [
 "euler_utils",
]

[[package]]
name = "euler_utils"
version = "0.1.0"

[[package]]
name = "primes"
version = "0.4.0"
source = "registry+https://github.com/rust-lang/crates.io-index"
checksum = "0466ef49edd4a5a4bc9d62804a34e89366810bd8bfc3ed537101e3d099f245c5"
